
Microsoft Visual Studio Solution File, Format Version 12.00
# Visual Studio Version 16
VisualStudioVersion = 16.0.30611.23
MinimumVisualStudioVersion = 10.0.40219.1
Project("{FAE04EC0-301F-11D3-BF4B-00C04F79EFBC}") = "AccesoDatos", "AccesoDatos\AccesoDatos.csproj", "{E69E2655-39AA-4678-9E3F-0E99F4F2FEBB}"
EndProject
Project("{FAE04EC0-301F-11D3-BF4B-00C04F79EFBC}") = "LogicaNegocio", "LogicaNegocio\LogicaNegocio.csproj", "{1C82A446-4567-46D5-B134-7644305E977D}"
EndProject
Project("{FAE04EC0-301F-11D3-BF4B-00C04F79EFBC}") = "Presentacion", "Presentacion\Presentacion.csproj", "{79E489D0-CC7F-4A21-89BD-B73929014733}"
EndProject
Global
	GlobalSection(SolutionConfigurationPlatforms) = preSolution
		Debug|Any CPU = Debug|Any CPU
		Release|Any CPU = Release|Any CPU
	EndGlobalSection
	GlobalSection(ProjectConfigurationPlatforms) = postSolution
		{E69E2655-39AA-4678-9E3F-0E99F4F2FEBB}.Debug|Any CPU.ActiveCfg = Debug|Any CPU
		{E69E2655-39AA-4678-9E3F-0E99F4F2FEBB}.Debug|Any CPU.Build.0 = Debug|Any CPU
		{E69E2655-39AA-4678-9E3F-0E99F4F2FEBB}.Release|Any CPU.ActiveCfg = Release|Any CPU
		{E69E2655-39AA-4678-9E3F-0E99F4F2FEBB}.Release|Any CPU.Build.0 = Release|Any CPU
		{1C82A446-4567-46D5-B134-7644305E977D}.Debug|Any CPU.ActiveCfg = Debug|Any CPU
		{1C82A446-4567-46D5-B134-7644305E977D}.Debug|Any CPU.Build.0 = Debug|Any CPU
		{1C82A446-4567-46D5-B134-7644305E977D}.Release|Any CPU.ActiveCfg = Release|Any CPU
		{1C82A446-4567-46D5-B134-7644305E977D}.Release|Any CPU.Build.0 = Release|Any CPU
		{79E489D0-CC7F-4A21-89BD-B73929014733}.Debug|Any CPU.ActiveCfg = Debug|Any CPU
		{79E489D0-CC7F-4A21-89BD-B73929014733}.Debug|Any CPU.Build.0 = Debug|Any CPU
		{79E489D0-CC7F-4A21-89BD-B73929014733}.Release|Any CPU.ActiveCfg = Release|Any CPU
		{79E489D0-CC7F-4A21-89BD-B73929014733}.Release|Any CPU.Build.0 = Release|Any CPU
	EndGlobalSection
	GlobalSection(SolutionProperties) = preSolution
		HideSolutionNode = FALSE
	EndGlobalSection
	GlobalSection(ExtensibilityGlobals) = postSolution
		SolutionGuid = {15B6DF13-D4A9-4304-87C6-051AB1EB0BFA}
	EndGlobalSection
EndGlobal
